
Microsoft Visual Studio Solution File, Format Version 12.00
# Visual Studio Version 16
VisualStudioVersion = 16.0.32228.343
MinimumVisualStudioVersion = 10.0.40219.1
Project("{FAE04EC0-301F-11D3-BF4B-00C04F79EFBC}") = "Дерево решений", "Дерево решений\Дерево решений.csproj", "{8A47133E-5E64-4246-B6D4-43F3A54FF2D7}"
EndProject
Global
	GlobalSection(SolutionConfigurationPlatforms) = preSolution
		Debug|Any CPU = Debug|Any CPU
		Release|Any CPU = Release|Any CPU
	EndGlobalSection
	GlobalSection(ProjectConfigurationPlatforms) = postSolution
		{8A47133E-5E64-4246-B6D4-43F3A54FF2D7}.Debug|Any CPU.ActiveCfg = Debug|Any CPU
		{8A47133E-5E64-4246-B6D4-43F3A54FF2D7}.Debug|Any CPU.Build.0 = Debug|Any CPU
		{8A47133E-5E64-4246-B6D4-43F3A54FF2D7}.Release|Any CPU.ActiveCfg = Release|Any CPU
		{8A47133E-5E64-4246-B6D4-43F3A54FF2D7}.Release|Any CPU.Build.0 = Release|Any CPU
	EndGlobalSection
	GlobalSection(SolutionProperties) = preSolution
		HideSolutionNode = FALSE
	EndGlobalSection
	GlobalSection(ExtensibilityGlobals) = postSolution
		SolutionGuid = {778A28F1-B89A-4399-8259-F717EDFFD818}
	EndGlobalSection
EndGlobal
